
Microsoft Visual Studio Solution File, Format Version 12.00
# Visual Studio Version 16
VisualStudioVersion = 16.0.31515.178
MinimumVisualStudioVersion = 10.0.40219.1
Project("{9A19103F-16F7-4668-BE54-9A1E7A4F7556}") = "SBBScan", "SBBScan.csproj", "{CE75394E-93D9-40B6-A2C7-2D50D89C81D5}"
EndProject
Global
	GlobalSection(SolutionConfigurationPlatforms) = preSolution
		Debug|Any CPU = Debug|Any CPU
		Release|Any CPU = Release|Any CPU
	EndGlobalSection
	GlobalSection(ProjectConfigurationPlatforms) = postSolution
		{CE75394E-93D9-40B6-A2C7-2D50D89C81D5}.Debug|Any CPU.ActiveCfg = Debug|Any CPU
		{CE75394E-93D9-40B6-A2C7-2D50D89C81D5}.Debug|Any CPU.Build.0 = Debug|Any CPU
		{CE75394E-93D9-40B6-A2C7-2D50D89C81D5}.Release|Any CPU.ActiveCfg = Release|Any CPU
		{CE75394E-93D9-40B6-A2C7-2D50D89C81D5}.Release|Any CPU.Build.0 = Release|Any CPU
	EndGlobalSection
	GlobalSection(SolutionProperties) = preSolution
		HideSolutionNode = FALSE
	EndGlobalSection
	GlobalSection(ExtensibilityGlobals) = postSolution
		SolutionGuid = {734A10BB-903D-44BF-9FA9-33B5CCB680C9}
	EndGlobalSection
EndGlobal
